
Microsoft Visual Studio Solution File, Format Version 12.00
# Visual Studio 15
VisualStudioVersion = 15.0.28307.168
MinimumVisualStudioVersion = 10.0.40219.1
Project("{9A19103F-16F7-4668-BE54-9A1E7A4F7556}") = "BowlingScore", "BowlingScore\BowlingScore.csproj", "{2307572F-D514-44FC-9105-385A235A8794}"
EndProject
Project("{9A19103F-16F7-4668-BE54-9A1E7A4F7556}") = "BowlingScore.Tests", "BowlingScore.Tests\BowlingScore.Tests.csproj", "{8CE64C65-A23E-41E6-8E7C-22C6878578E4}"
EndProject
Project("{2150E333-8FDC-42A3-9474-1A3956D46DE8}") = "Solution Files", "Solution Files", "{CF99338F-3762-434A-BA48-AC59E77EBE1C}"
	ProjectSection(SolutionItems) = preProject
		readme.md = readme.md
	EndProjectSection
EndProject
Global
	GlobalSection(SolutionConfigurationPlatforms) = preSolution
		Debug|Any CPU = Debug|Any CPU
		Release|Any CPU = Release|Any CPU
	EndGlobalSection
	GlobalSection(ProjectConfigurationPlatforms) = postSolution
		{2307572F-D514-44FC-9105-385A235A8794}.Debug|Any CPU.ActiveCfg = Debug|Any CPU
		{2307572F-D514-44FC-9105-385A235A8794}.Debug|Any CPU.Build.0 = Debug|Any CPU
		{2307572F-D514-44FC-9105-385A235A8794}.Release|Any CPU.ActiveCfg = Release|Any CPU
		{2307572F-D514-44FC-9105-385A235A8794}.Release|Any CPU.Build.0 = Release|Any CPU
		{8CE64C65-A23E-41E6-8E7C-22C6878578E4}.Debug|Any CPU.ActiveCfg = Debug|Any CPU
		{8CE64C65-A23E-41E6-8E7C-22C6878578E4}.Debug|Any CPU.Build.0 = Debug|Any CPU
		{8CE64C65-A23E-41E6-8E7C-22C6878578E4}.Release|Any CPU.ActiveCfg = Release|Any CPU
		{8CE64C65-A23E-41E6-8E7C-22C6878578E4}.Release|Any CPU.Build.0 = Release|Any CPU
	EndGlobalSection
	GlobalSection(SolutionProperties) = preSolution
		HideSolutionNode = FALSE
	EndGlobalSection
	GlobalSection(ExtensibilityGlobals) = postSolution
		SolutionGuid = {24BF6555-4A6F-4C21-A80F-633066FB8CA5}
	EndGlobalSection
EndGlobal
